// !$*UTF8*$!
{
	archiveVersion = 1;
	classes = {
	};
	objectVersion = 56;
	objects = {

/* Begin PBXBuildFile section */
		7F815FD52C6B80EC00FEFCD5 /* AppDelegate.swift in Sources */ = {isa = PBXBuildFile; fileRef = 7F815FD42C6B80EC00FEFCD5 /* AppDelegate.swift */; };
		7F815FD72C6B80EC00FEFCD5 /* SceneDelegate.swift in Sources */ = {isa = PBXBuildFile; fileRef = 7F815FD62C6B80EC00FEFCD5 /* SceneDelegate.swift */; };
		7F815FDE2C6B80F000FEFCD5 /* Assets.xcassets in Resources */ = {isa = PBXBuildFile; fileRef = 7F815FDD2C6B80F000FEFCD5 /* Assets.xcassets */; };
		7F815FE12C6B80F000FEFCD5 /* Base in Resources */ = {isa = PBXBuildFile; fileRef = 7F815FE02C6B80F000FEFCD5 /* Base */; };
		7F815FEC2C6B80F000FEFCD5 /* RecipeAppTests.swift in Sources */ = {isa = PBXBuildFile; fileRef = 7F815FEB2C6B80F000FEFCD5 /* RecipeAppTests.swift */; };
		7F81600E2C6B914C00FEFCD5 /* APIRequestConfiguration.swift in Sources */ = {isa = PBXBuildFile; fileRef = 7F8160042C6B914C00FEFCD5 /* APIRequestConfiguration.swift */; };
		7F81600F2C6B914C00FEFCD5 /* APIRequestError.swift in Sources */ = {isa = PBXBuildFile; fileRef = 7F8160052C6B914C00FEFCD5 /* APIRequestError.swift */; };
		7F8160102C6B914C00FEFCD5 /* RepositoryError.swift in Sources */ = {isa = PBXBuildFile; fileRef = 7F8160062C6B914C00FEFCD5 /* RepositoryError.swift */; };
		7F8160112C6B914C00FEFCD5 /* BaseApiClient.swift in Sources */ = {isa = PBXBuildFile; fileRef = 7F8160082C6B914C00FEFCD5 /* BaseApiClient.swift */; };
		7F8160122C6B914C00FEFCD5 /* BaseApiRequest.swift in Sources */ = {isa = PBXBuildFile; fileRef = 7F8160092C6B914C00FEFCD5 /* BaseApiRequest.swift */; };
		7F8160132C6B914C00FEFCD5 /* HTTPMethod.swift in Sources */ = {isa = PBXBuildFile; fileRef = 7F81600A2C6B914C00FEFCD5 /* HTTPMethod.swift */; };
		7F8160142C6B914C00FEFCD5 /* SessionsDataTaskError.swift in Sources */ = {isa = PBXBuildFile; fileRef = 7F81600B2C6B914C00FEFCD5 /* SessionsDataTaskError.swift */; };
		7F81601A2C6B93B500FEFCD5 /* SearchViewController.xib in Resources */ = {isa = PBXBuildFile; fileRef = 7F8160192C6B93B500FEFCD5 /* SearchViewController.xib */; };
		7F81601B2C6B93B500FEFCD5 /* SearchViewController.swift in Sources */ = {isa = PBXBuildFile; fileRef = 7F8160182C6B93B500FEFCD5 /* SearchViewController.swift */; };
		7F8160202C6B940900FEFCD5 /* GFNavigationController.swift in Sources */ = {isa = PBXBuildFile; fileRef = 7F81601F2C6B940900FEFCD5 /* GFNavigationController.swift */; };
		7F81602E2C6B971800FEFCD5 /* RecipeNetworkResponse.swift in Sources */ = {isa = PBXBuildFile; fileRef = 7F81602D2C6B971800FEFCD5 /* RecipeNetworkResponse.swift */; };
		7F8160302C6B972A00FEFCD5 /* RecipeDetailsNetworkResponse.swift in Sources */ = {isa = PBXBuildFile; fileRef = 7F81602F2C6B972A00FEFCD5 /* RecipeDetailsNetworkResponse.swift */; };
		7F8160322C6B975100FEFCD5 /* RecipeAPIRequest.swift in Sources */ = {isa = PBXBuildFile; fileRef = 7F8160312C6B975100FEFCD5 /* RecipeAPIRequest.swift */; };
		7F8160342C6B975C00FEFCD5 /* RecipeAPIClient.swift in Sources */ = {isa = PBXBuildFile; fileRef = 7F8160332C6B975C00FEFCD5 /* RecipeAPIClient.swift */; };
		7F8160362C6BAEE100FEFCD5 /* RecipeRepositoryProtocol.swift in Sources */ = {isa = PBXBuildFile; fileRef = 7F8160352C6BAEE100FEFCD5 /* RecipeRepositoryProtocol.swift */; };
		7F8160382C6BAEE700FEFCD5 /* RecipeRepository.swift in Sources */ = {isa = PBXBuildFile; fileRef = 7F8160372C6BAEE700FEFCD5 /* RecipeRepository.swift */; };
/* End PBXBuildFile section */

/* Begin PBXContainerItemProxy section */
		7F815FE82C6B80F000FEFCD5 /* PBXContainerItemProxy */ = {
			isa = PBXContainerItemProxy;
			containerPortal = 7F815FC92C6B80EC00FEFCD5 /* Project object */;
			proxyType = 1;
			remoteGlobalIDString = 7F815FD02C6B80EC00FEFCD5;
			remoteInfo = RecipeApp;
		};
/* End PBXContainerItemProxy section */

/* Begin PBXFileReference section */
		7F815FD12C6B80EC00FEFCD5 /* RecipeApp.app */ = {isa = PBXFileReference; explicitFileType = wrapper.application; includeInIndex = 0; path = RecipeApp.app; sourceTree = BUILT_PRODUCTS_DIR; };
		7F815FD42C6B80EC00FEFCD5 /* AppDelegate.swift */ = {isa = PBXFileReference; lastKnownFileType = sourcecode.swift; path = AppDelegate.swift; sourceTree = "<group>"; };
		7F815FD62C6B80EC00FEFCD5 /* SceneDelegate.swift */ = {isa = PBXFileReference; lastKnownFileType = sourcecode.swift; path = SceneDelegate.swift; sourceTree = "<group>"; };
		7F815FDD2C6B80F000FEFCD5 /* Assets.xcassets */ = {isa = PBXFileReference; lastKnownFileType = folder.assetcatalog; path = Assets.xcassets; sourceTree = "<group>"; };
		7F815FE02C6B80F000FEFCD5 /* Base */ = {isa = PBXFileReference; lastKnownFileType = file.storyboard; name = Base; path = Base.lproj/LaunchScreen.storyboard; sourceTree = "<group>"; };
		7F815FE22C6B80F000FEFCD5 /* Info.plist */ = {isa = PBXFileReference; lastKnownFileType = text.plist.xml; path = Info.plist; sourceTree = "<group>"; };
		7F815FE72C6B80F000FEFCD5 /* RecipeAppTests.xctest */ = {isa = PBXFileReference; explicitFileType = wrapper.cfbundle; includeInIndex = 0; path = RecipeAppTests.xctest; sourceTree = BUILT_PRODUCTS_DIR; };
		7F815FEB2C6B80F000FEFCD5 /* RecipeAppTests.swift */ = {isa = PBXFileReference; lastKnownFileType = sourcecode.swift; path = RecipeAppTests.swift; sourceTree = "<group>"; };
		7F8160042C6B914C00FEFCD5 /* APIRequestConfiguration.swift */ = {isa = PBXFileReference; fileEncoding = 4; lastKnownFileType = sourcecode.swift; path = APIRequestConfiguration.swift; sourceTree = "<group>"; };
		7F8160052C6B914C00FEFCD5 /* APIRequestError.swift */ = {isa = PBXFileReference; fileEncoding = 4; lastKnownFileType = sourcecode.swift; path = APIRequestError.swift; sourceTree = "<group>"; };
		7F8160062C6B914C00FEFCD5 /* RepositoryError.swift */ = {isa = PBXFileReference; fileEncoding = 4; lastKnownFileType = sourcecode.swift; path = RepositoryError.swift; sourceTree = "<group>"; };
		7F8160082C6B914C00FEFCD5 /* BaseApiClient.swift */ = {isa = PBXFileReference; fileEncoding = 4; lastKnownFileType = sourcecode.swift; path = BaseApiClient.swift; sourceTree = "<group>"; };
		7F8160092C6B914C00FEFCD5 /* BaseApiRequest.swift */ = {isa = PBXFileReference; fileEncoding = 4; lastKnownFileType = sourcecode.swift; path = BaseApiRequest.swift; sourceTree = "<group>"; };
		7F81600A2C6B914C00FEFCD5 /* HTTPMethod.swift */ = {isa = PBXFileReference; fileEncoding = 4; lastKnownFileType = sourcecode.swift; path = HTTPMethod.swift; sourceTree = "<group>"; };
		7F81600B2C6B914C00FEFCD5 /* SessionsDataTaskError.swift */ = {isa = PBXFileReference; fileEncoding = 4; lastKnownFileType = sourcecode.swift; path = SessionsDataTaskError.swift; sourceTree = "<group>"; };
		7F8160182C6B93B500FEFCD5 /* SearchViewController.swift */ = {isa = PBXFileReference; lastKnownFileType = sourcecode.swift; path = SearchViewController.swift; sourceTree = "<group>"; };
		7F8160192C6B93B500FEFCD5 /* SearchViewController.xib */ = {isa = PBXFileReference; lastKnownFileType = file.xib; path = SearchViewController.xib; sourceTree = "<group>"; };
		7F81601F2C6B940900FEFCD5 /* GFNavigationController.swift */ = {isa = PBXFileReference; lastKnownFileType = sourcecode.swift; path = GFNavigationController.swift; sourceTree = "<group>"; };
		7F81602D2C6B971800FEFCD5 /* RecipeNetworkResponse.swift */ = {isa = PBXFileReference; lastKnownFileType = sourcecode.swift; path = RecipeNetworkResponse.swift; sourceTree = "<group>"; };
		7F81602F2C6B972A00FEFCD5 /* RecipeDetailsNetworkResponse.swift */ = {isa = PBXFileReference; lastKnownFileType = sourcecode.swift; path = RecipeDetailsNetworkResponse.swift; sourceTree = "<group>"; };
		7F8160312C6B975100FEFCD5 /* RecipeAPIRequest.swift */ = {isa = PBXFileReference; lastKnownFileType = sourcecode.swift; path = RecipeAPIRequest.swift; sourceTree = "<group>"; };
		7F8160332C6B975C00FEFCD5 /* RecipeAPIClient.swift */ = {isa = PBXFileReference; lastKnownFileType = sourcecode.swift; path = RecipeAPIClient.swift; sourceTree = "<group>"; };
		7F8160352C6BAEE100FEFCD5 /* RecipeRepositoryProtocol.swift */ = {isa = PBXFileReference; lastKnownFileType = sourcecode.swift; path = RecipeRepositoryProtocol.swift; sourceTree = "<group>"; };
		7F8160372C6BAEE700FEFCD5 /* RecipeRepository.swift */ = {isa = PBXFileReference; lastKnownFileType = sourcecode.swift; path = RecipeRepository.swift; sourceTree = "<group>"; };
/* End PBXFileReference section */

/* Begin PBXFrameworksBuildPhase section */
		7F815FCE2C6B80EC00FEFCD5 /* Frameworks */ = {
			isa = PBXFrameworksBuildPhase;
			buildActionMask = 2147483647;
			files = (
			);
			runOnlyForDeploymentPostprocessing = 0;
		};
		7F815FE42C6B80F000FEFCD5 /* Frameworks */ = {
			isa = PBXFrameworksBuildPhase;
			buildActionMask = 2147483647;
			files = (
			);
			runOnlyForDeploymentPostprocessing = 0;
		};
/* End PBXFrameworksBuildPhase section */

/* Begin PBXGroup section */
		7F815FC82C6B80EC00FEFCD5 = {
			isa = PBXGroup;
			children = (
				7F81600D2C6B914C00FEFCD5 /* NetworkLayer */,
				7F81601D2C6B93DE00FEFCD5 /* Components */,
				7F815FD32C6B80EC00FEFCD5 /* RecipeApp */,
				7F815FEA2C6B80F000FEFCD5 /* RecipeAppTests */,
				7F815FD22C6B80EC00FEFCD5 /* Products */,
			);
			sourceTree = "<group>";
		};
		7F815FD22C6B80EC00FEFCD5 /* Products */ = {
			isa = PBXGroup;
			children = (
				7F815FD12C6B80EC00FEFCD5 /* RecipeApp.app */,
				7F815FE72C6B80F000FEFCD5 /* RecipeAppTests.xctest */,
			);
			name = Products;
			sourceTree = "<group>";
		};
		7F815FD32C6B80EC00FEFCD5 /* RecipeApp */ = {
			isa = PBXGroup;
			children = (
				7F81601C2C6B93B800FEFCD5 /* RecipeModule */,
				7F8160152C6B934400FEFCD5 /* Support */,
			);
			path = RecipeApp;
			sourceTree = "<group>";
		};
		7F815FEA2C6B80F000FEFCD5 /* RecipeAppTests */ = {
			isa = PBXGroup;
			children = (
				7F815FEB2C6B80F000FEFCD5 /* RecipeAppTests.swift */,
			);
			path = RecipeAppTests;
			sourceTree = "<group>";
		};
		7F8160072C6B914C00FEFCD5 /* APIRequest */ = {
			isa = PBXGroup;
			children = (
				7F8160042C6B914C00FEFCD5 /* APIRequestConfiguration.swift */,
				7F8160052C6B914C00FEFCD5 /* APIRequestError.swift */,
				7F8160062C6B914C00FEFCD5 /* RepositoryError.swift */,
			);
			path = APIRequest;
			sourceTree = "<group>";
		};
		7F81600C2C6B914C00FEFCD5 /* Base */ = {
			isa = PBXGroup;
			children = (
				7F8160082C6B914C00FEFCD5 /* BaseApiClient.swift */,
				7F8160092C6B914C00FEFCD5 /* BaseApiRequest.swift */,
				7F81600A2C6B914C00FEFCD5 /* HTTPMethod.swift */,
				7F81600B2C6B914C00FEFCD5 /* SessionsDataTaskError.swift */,
			);
			path = Base;
			sourceTree = "<group>";
		};
		7F81600D2C6B914C00FEFCD5 /* NetworkLayer */ = {
			isa = PBXGroup;
			children = (
				7F8160072C6B914C00FEFCD5 /* APIRequest */,
				7F81600C2C6B914C00FEFCD5 /* Base */,
			);
			path = NetworkLayer;
			sourceTree = "<group>";
		};
		7F8160152C6B934400FEFCD5 /* Support */ = {
			isa = PBXGroup;
			children = (
				7F815FE22C6B80F000FEFCD5 /* Info.plist */,
				7F8160162C6B937C00FEFCD5 /* Core */,
				7F8160172C6B938300FEFCD5 /* Assets */,
			);
			path = Support;
			sourceTree = "<group>";
		};
		7F8160162C6B937C00FEFCD5 /* Core */ = {
			isa = PBXGroup;
			children = (
				7F815FD42C6B80EC00FEFCD5 /* AppDelegate.swift */,
				7F815FD62C6B80EC00FEFCD5 /* SceneDelegate.swift */,
			);
			path = Core;
			sourceTree = "<group>";
		};
		7F8160172C6B938300FEFCD5 /* Assets */ = {
			isa = PBXGroup;
			children = (
				7F815FDD2C6B80F000FEFCD5 /* Assets.xcassets */,
				7F815FDF2C6B80F000FEFCD5 /* LaunchScreen.storyboard */,
			);
			path = Assets;
			sourceTree = "<group>";
		};
		7F81601C2C6B93B800FEFCD5 /* RecipeModule */ = {
			isa = PBXGroup;
			children = (
				7F8160232C6B964100FEFCD5 /* DataLink */,
				7F8160262C6B967F00FEFCD5 /* BusinessLogic */,
				7F8160272C6B96A000FEFCD5 /* UserInterface */,
			);
			path = RecipeModule;
			sourceTree = "<group>";
		};
		7F81601D2C6B93DE00FEFCD5 /* Components */ = {
			isa = PBXGroup;
			children = (
				7F81601E2C6B93EC00FEFCD5 /* GFNavigationController */,
			);
			path = Components;
			sourceTree = "<group>";
		};
		7F81601E2C6B93EC00FEFCD5 /* GFNavigationController */ = {
			isa = PBXGroup;
			children = (
				7F81601F2C6B940900FEFCD5 /* GFNavigationController.swift */,
			);
			path = GFNavigationController;
			sourceTree = "<group>";
		};
		7F8160232C6B964100FEFCD5 /* DataLink */ = {
			isa = PBXGroup;
			children = (
				7F8160242C6B966300FEFCD5 /* Network */,
				7F8160252C6B967400FEFCD5 /* Repository */,
			);
			path = DataLink;
			sourceTree = "<group>";
		};
		7F8160242C6B966300FEFCD5 /* Network */ = {
			isa = PBXGroup;
			children = (
				7F81602C2C6B96F200FEFCD5 /* Models */,
				7F8160312C6B975100FEFCD5 /* RecipeAPIRequest.swift */,
				7F8160332C6B975C00FEFCD5 /* RecipeAPIClient.swift */,
			);
			path = Network;
			sourceTree = "<group>";
		};
		7F8160252C6B967400FEFCD5 /* Repository */ = {
			isa = PBXGroup;
			children = (
				7F8160372C6BAEE700FEFCD5 /* RecipeRepository.swift */,
				7F8160352C6BAEE100FEFCD5 /* RecipeRepositoryProtocol.swift */,
			);
			path = Repository;
			sourceTree = "<group>";
		};
		7F8160262C6B967F00FEFCD5 /* BusinessLogic */ = {
			isa = PBXGroup;
			children = (
				7F8160282C6B96AD00FEFCD5 /* UserCase */,
				7F8160292C6B96B200FEFCD5 /* DataSource */,
			);
			path = BusinessLogic;
			sourceTree = "<group>";
		};
		7F8160272C6B96A000FEFCD5 /* UserInterface */ = {
			isa = PBXGroup;
			children = (
				7F81602B2C6B96C000FEFCD5 /* View */,
				7F81602A2C6B96B800FEFCD5 /* ViewModel */,
			);
			path = UserInterface;
			sourceTree = "<group>";
		};
		7F8160282C6B96AD00FEFCD5 /* UserCase */ = {
			isa = PBXGroup;
			children = (
			);
			path = UserCase;
			sourceTree = "<group>";
		};
		7F8160292C6B96B200FEFCD5 /* DataSource */ = {
			isa = PBXGroup;
			children = (
			);
			path = DataSource;
			sourceTree = "<group>";
		};
		7F81602A2C6B96B800FEFCD5 /* ViewModel */ = {
			isa = PBXGroup;
			children = (
			);
			path = ViewModel;
			sourceTree = "<group>";
		};
		7F81602B2C6B96C000FEFCD5 /* View */ = {
			isa = PBXGroup;
			children = (
				7F8160182C6B93B500FEFCD5 /* SearchViewController.swift */,
				7F8160192C6B93B500FEFCD5 /* SearchViewController.xib */,
			);
			path = View;
			sourceTree = "<group>";
		};
		7F81602C2C6B96F200FEFCD5 /* Models */ = {
			isa = PBXGroup;
			children = (
				7F81602D2C6B971800FEFCD5 /* RecipeNetworkResponse.swift */,
				7F81602F2C6B972A00FEFCD5 /* RecipeDetailsNetworkResponse.swift */,
			);
			path = Models;
			sourceTree = "<group>";
		};
/* End PBXGroup section */

/* Begin PBXNativeTarget section */
		7F815FD02C6B80EC00FEFCD5 /* RecipeApp */ = {
			isa = PBXNativeTarget;
			buildConfigurationList = 7F815FFB2C6B80F000FEFCD5 /* Build configuration list for PBXNativeTarget "RecipeApp" */;
			buildPhases = (
				7F815FCD2C6B80EC00FEFCD5 /* Sources */,
				7F815FCE2C6B80EC00FEFCD5 /* Frameworks */,
				7F815FCF2C6B80EC00FEFCD5 /* Resources */,
			);
			buildRules = (
			);
			dependencies = (
			);
			name = RecipeApp;
			productName = RecipeApp;
			productReference = 7F815FD12C6B80EC00FEFCD5 /* RecipeApp.app */;
			productType = "com.apple.product-type.application";
		};
		7F815FE62C6B80F000FEFCD5 /* RecipeAppTests */ = {
			isa = PBXNativeTarget;
			buildConfigurationList = 7F815FFE2C6B80F000FEFCD5 /* Build configuration list for PBXNativeTarget "RecipeAppTests" */;
			buildPhases = (
				7F815FE32C6B80F000FEFCD5 /* Sources */,
				7F815FE42C6B80F000FEFCD5 /* Frameworks */,
				7F815FE52C6B80F000FEFCD5 /* Resources */,
			);
			buildRules = (
			);
			dependencies = (
				7F815FE92C6B80F000FEFCD5 /* PBXTargetDependency */,
			);
			name = RecipeAppTests;
			productName = RecipeAppTests;
			productReference = 7F815FE72C6B80F000FEFCD5 /* RecipeAppTests.xctest */;
			productType = "com.apple.product-type.bundle.unit-test";
		};
/* End PBXNativeTarget section */

/* Begin PBXProject section */
		7F815FC92C6B80EC00FEFCD5 /* Project object */ = {
			isa = PBXProject;
			attributes = {
				BuildIndependentTargetsInParallel = 1;
				LastSwiftUpdateCheck = 1540;
				LastUpgradeCheck = 1540;
				TargetAttributes = {
					7F815FD02C6B80EC00FEFCD5 = {
						CreatedOnToolsVersion = 15.4;
					};
					7F815FE62C6B80F000FEFCD5 = {
						CreatedOnToolsVersion = 15.4;
						TestTargetID = 7F815FD02C6B80EC00FEFCD5;
					};
				};
			};
			buildConfigurationList = 7F815FCC2C6B80EC00FEFCD5 /* Build configuration list for PBXProject "RecipeApp" */;
			compatibilityVersion = "Xcode 14.0";
			developmentRegion = en;
			hasScannedForEncodings = 0;
			knownRegions = (
				en,
				Base,
			);
			mainGroup = 7F815FC82C6B80EC00FEFCD5;
			productRefGroup = 7F815FD22C6B80EC00FEFCD5 /* Products */;
			projectDirPath = "";
			projectRoot = "";
			targets = (
				7F815FD02C6B80EC00FEFCD5 /* RecipeApp */,
				7F815FE62C6B80F000FEFCD5 /* RecipeAppTests */,
			);
		};
/* End PBXProject section */

/* Begin PBXResourcesBuildPhase section */
		7F815FCF2C6B80EC00FEFCD5 /* Resources */ = {
			isa = PBXResourcesBuildPhase;
			buildActionMask = 2147483647;
			files = (
				7F815FDE2C6B80F000FEFCD5 /* Assets.xcassets in Resources */,
				7F815FE12C6B80F000FEFCD5 /* Base in Resources */,
				7F81601A2C6B93B500FEFCD5 /* SearchViewController.xib in Resources */,
			);
			runOnlyForDeploymentPostprocessing = 0;
		};
		7F815FE52C6B80F000FEFCD5 /* Resources */ = {
			isa = PBXResourcesBuildPhase;
			buildActionMask = 2147483647;
			files = (
			);
			runOnlyForDeploymentPostprocessing = 0;
		};
/* End PBXResourcesBuildPhase section */

/* Begin PBXSourcesBuildPhase section */
		7F815FCD2C6B80EC00FEFCD5 /* Sources */ = {
			isa = PBXSourcesBuildPhase;
			buildActionMask = 2147483647;
			files = (
				7F81602E2C6B971800FEFCD5 /* RecipeNetworkResponse.swift in Sources */,
				7F81601B2C6B93B500FEFCD5 /* SearchViewController.swift in Sources */,
				7F8160112C6B914C00FEFCD5 /* BaseApiClient.swift in Sources */,
				7F8160362C6BAEE100FEFCD5 /* RecipeRepositoryProtocol.swift in Sources */,
				7F8160142C6B914C00FEFCD5 /* SessionsDataTaskError.swift in Sources */,
				7F815FD52C6B80EC00FEFCD5 /* AppDelegate.swift in Sources */,
				7F8160102C6B914C00FEFCD5 /* RepositoryError.swift in Sources */,
				7F81600F2C6B914C00FEFCD5 /* APIRequestError.swift in Sources */,
				7F8160132C6B914C00FEFCD5 /* HTTPMethod.swift in Sources */,
				7F8160322C6B975100FEFCD5 /* RecipeAPIRequest.swift in Sources */,
				7F8160202C6B940900FEFCD5 /* GFNavigationController.swift in Sources */,
				7F8160122C6B914C00FEFCD5 /* BaseApiRequest.swift in Sources */,
				7F8160342C6B975C00FEFCD5 /* RecipeAPIClient.swift in Sources */,
				7F8160382C6BAEE700FEFCD5 /* RecipeRepository.swift in Sources */,
				7F815FD72C6B80EC00FEFCD5 /* SceneDelegate.swift in Sources */,
				7F81600E2C6B914C00FEFCD5 /* APIRequestConfiguration.swift in Sources */,
				7F8160302C6B972A00FEFCD5 /* RecipeDetailsNetworkResponse.swift in Sources */,
			);
			runOnlyForDeploymentPostprocessing = 0;
		};
		7F815FE32C6B80F000FEFCD5 /* Sources */ = {
			isa = PBXSourcesBuildPhase;
			buildActionMask = 2147483647;
			files = (
				7F815FEC2C6B80F000FEFCD5 /* RecipeAppTests.swift in Sources */,
			);
			runOnlyForDeploymentPostprocessing = 0;
		};
/* End PBXSourcesBuildPhase section */

/* Begin PBXTargetDependency section */
		7F815FE92C6B80F000FEFCD5 /* PBXTargetDependency */ = {
			isa = PBXTargetDependency;
			target = 7F815FD02C6B80EC00FEFCD5 /* RecipeApp */;
			targetProxy = 7F815FE82C6B80F000FEFCD5 /* PBXContainerItemProxy */;
		};
/* End PBXTargetDependency section */

/* Begin PBXVariantGroup section */
		7F815FDF2C6B80F000FEFCD5 /* LaunchScreen.storyboard */ = {
			isa = PBXVariantGroup;
			children = (
				7F815FE02C6B80F000FEFCD5 /* Base */,
			);
			name = LaunchScreen.storyboard;
			sourceTree = "<group>";
		};
/* End PBXVariantGroup section */

/* Begin XCBuildConfiguration section */
		7F815FF92C6B80F000FEFCD5 /* Debug */ = {
			isa = XCBuildConfiguration;
			buildSettings = {
				ALWAYS_SEARCH_USER_PATHS = NO;
				ASSETCATALOG_COMPILER_GENERATE_SWIFT_ASSET_SYMBOL_EXTENSIONS = YES;
				CLANG_ANALYZER_NONNULL = YES;
				CLANG_ANALYZER_NUMBER_OBJECT_CONVERSION = YES_AGGRESSIVE;
				CLANG_CXX_LANGUAGE_STANDARD = "gnu++20";
				CLANG_ENABLE_MODULES = YES;
				CLANG_ENABLE_OBJC_ARC = YES;
				CLANG_ENABLE_OBJC_WEAK = YES;
				CLANG_WARN_BLOCK_CAPTURE_AUTORELEASING = YES;
				CLANG_WARN_BOOL_CONVERSION = YES;
				CLANG_WARN_COMMA = YES;
				CLANG_WARN_CONSTANT_CONVERSION = YES;
				CLANG_WARN_DEPRECATED_OBJC_IMPLEMENTATIONS = YES;
				CLANG_WARN_DIRECT_OBJC_ISA_USAGE = YES_ERROR;
				CLANG_WARN_DOCUMENTATION_COMMENTS = YES;
				CLANG_WARN_EMPTY_BODY = YES;
				CLANG_WARN_ENUM_CONVERSION = YES;
				CLANG_WARN_INFINITE_RECURSION = YES;
				CLANG_WARN_INT_CONVERSION = YES;
				CLANG_WARN_NON_LITERAL_NULL_CONVERSION = YES;
				CLANG_WARN_OBJC_IMPLICIT_RETAIN_SELF = YES;
				CLANG_WARN_OBJC_LITERAL_CONVERSION = YES;
				CLANG_WARN_OBJC_ROOT_CLASS = YES_ERROR;
				CLANG_WARN_QUOTED_INCLUDE_IN_FRAMEWORK_HEADER = YES;
				CLANG_WARN_RANGE_LOOP_ANALYSIS = YES;
				CLANG_WARN_STRICT_PROTOTYPES = YES;
				CLANG_WARN_SUSPICIOUS_MOVE = YES;
				CLANG_WARN_UNGUARDED_AVAILABILITY = YES_AGGRESSIVE;
				CLANG_WARN_UNREACHABLE_CODE = YES;
				CLANG_WARN__DUPLICATE_METHOD_MATCH = YES;
				COPY_PHASE_STRIP = NO;
				DEBUG_INFORMATION_FORMAT = dwarf;
				ENABLE_STRICT_OBJC_MSGSEND = YES;
				ENABLE_TESTABILITY = YES;
				ENABLE_USER_SCRIPT_SANDBOXING = YES;
				GCC_C_LANGUAGE_STANDARD = gnu17;
				GCC_DYNAMIC_NO_PIC = NO;
				GCC_NO_COMMON_BLOCKS = YES;
				GCC_OPTIMIZATION_LEVEL = 0;
				GCC_PREPROCESSOR_DEFINITIONS = (
					"DEBUG=1",
					"$(inherited)",
				);
				GCC_WARN_64_TO_32_BIT_CONVERSION = YES;
				GCC_WARN_ABOUT_RETURN_TYPE = YES_ERROR;
				GCC_WARN_UNDECLARED_SELECTOR = YES;
				GCC_WARN_UNINITIALIZED_AUTOS = YES_AGGRESSIVE;
				GCC_WARN_UNUSED_FUNCTION = YES;
				GCC_WARN_UNUSED_VARIABLE = YES;
				IPHONEOS_DEPLOYMENT_TARGET = 17.5;
				LOCALIZATION_PREFERS_STRING_CATALOGS = YES;
				MTL_ENABLE_DEBUG_INFO = INCLUDE_SOURCE;
				MTL_FAST_MATH = YES;
				ONLY_ACTIVE_ARCH = YES;
				SDKROOT = iphoneos;
				SWIFT_ACTIVE_COMPILATION_CONDITIONS = "DEBUG $(inherited)";
				SWIFT_OPTIMIZATION_LEVEL = "-Onone";
			};
			name = Debug;
		};
		7F815FFA2C6B80F000FEFCD5 /* Release */ = {
			isa = XCBuildConfiguration;
			buildSettings = {
				ALWAYS_SEARCH_USER_PATHS = NO;
				ASSETCATALOG_COMPILER_GENERATE_SWIFT_ASSET_SYMBOL_EXTENSIONS = YES;
				CLANG_ANALYZER_NONNULL = YES;
				CLANG_ANALYZER_NUMBER_OBJECT_CONVERSION = YES_AGGRESSIVE;
				CLANG_CXX_LANGUAGE_STANDARD = "gnu++20";
				CLANG_ENABLE_MODULES = YES;
				CLANG_ENABLE_OBJC_ARC = YES;
				CLANG_ENABLE_OBJC_WEAK = YES;
				CLANG_WARN_BLOCK_CAPTURE_AUTORELEASING = YES;
				CLANG_WARN_BOOL_CONVERSION = YES;
				CLANG_WARN_COMMA = YES;
				CLANG_WARN_CONSTANT_CONVERSION = YES;
				CLANG_WARN_DEPRECATED_OBJC_IMPLEMENTATIONS = YES;
				CLANG_WARN_DIRECT_OBJC_ISA_USAGE = YES_ERROR;
				CLANG_WARN_DOCUMENTATION_COMMENTS = YES;
				CLANG_WARN_EMPTY_BODY = YES;
				CLANG_WARN_ENUM_CONVERSION = YES;
				CLANG_WARN_INFINITE_RECURSION = YES;
				CLANG_WARN_INT_CONVERSION = YES;
				CLANG_WARN_NON_LITERAL_NULL_CONVERSION = YES;
				CLANG_WARN_OBJC_IMPLICIT_RETAIN_SELF = YES;
				CLANG_WARN_OBJC_LITERAL_CONVERSION = YES;
				CLANG_WARN_OBJC_ROOT_CLASS = YES_ERROR;
				CLANG_WARN_QUOTED_INCLUDE_IN_FRAMEWORK_HEADER = YES;
				CLANG_WARN_RANGE_LOOP_ANALYSIS = YES;
				CLANG_WARN_STRICT_PROTOTYPES = YES;
				CLANG_WARN_SUSPICIOUS_MOVE = YES;
				CLANG_WARN_UNGUARDED_AVAILABILITY = YES_AGGRESSIVE;
				CLANG_WARN_UNREACHABLE_CODE = YES;
				CLANG_WARN__DUPLICATE_METHOD_MATCH = YES;
				COPY_PHASE_STRIP = NO;
				DEBUG_INFORMATION_FORMAT = "dwarf-with-dsym";
				ENABLE_NS_ASSERTIONS = NO;
				ENABLE_STRICT_OBJC_MSGSEND = YES;
				ENABLE_USER_SCRIPT_SANDBOXING = YES;
				GCC_C_LANGUAGE_STANDARD = gnu17;
				GCC_NO_COMMON_BLOCKS = YES;
				GCC_WARN_64_TO_32_BIT_CONVERSION = YES;
				GCC_WARN_ABOUT_RETURN_TYPE = YES_ERROR;
				GCC_WARN_UNDECLARED_SELECTOR = YES;
				GCC_WARN_UNINITIALIZED_AUTOS = YES_AGGRESSIVE;
				GCC_WARN_UNUSED_FUNCTION = YES;
				GCC_WARN_UNUSED_VARIABLE = YES;
				IPHONEOS_DEPLOYMENT_TARGET = 17.5;
				LOCALIZATION_PREFERS_STRING_CATALOGS = YES;
				MTL_ENABLE_DEBUG_INFO = NO;
				MTL_FAST_MATH = YES;
				SDKROOT = iphoneos;
				SWIFT_COMPILATION_MODE = wholemodule;
				VALIDATE_PRODUCT = YES;
			};
			name = Release;
		};
		7F815FFC2C6B80F000FEFCD5 /* Debug */ = {
			isa = XCBuildConfiguration;
			buildSettings = {
				ASSETCATALOG_COMPILER_APPICON_NAME = AppIcon;
				ASSETCATALOG_COMPILER_GLOBAL_ACCENT_COLOR_NAME = AccentColor;
				CODE_SIGN_STYLE = Automatic;
				CURRENT_PROJECT_VERSION = 1;
				DEVELOPMENT_TEAM = 475V82HT95;
				GENERATE_INFOPLIST_FILE = YES;
				INFOPLIST_FILE = RecipeApp/Support/Info.plist;
				INFOPLIST_KEY_UIApplicationSupportsIndirectInputEvents = YES;
				INFOPLIST_KEY_UILaunchStoryboardName = LaunchScreen;
				INFOPLIST_KEY_UISupportedInterfaceOrientations_iPad = "UIInterfaceOrientationPortrait UIInterfaceOrientationPortraitUpsideDown UIInterfaceOrientationLandscapeLeft UIInterfaceOrientationLandscapeRight";
				INFOPLIST_KEY_UISupportedInterfaceOrientations_iPhone = "UIInterfaceOrientationPortrait UIInterfaceOrientationLandscapeLeft UIInterfaceOrientationLandscapeRight";
				LD_RUNPATH_SEARCH_PATHS = (
					"$(inherited)",
					"@executable_path/Frameworks",
				);
				MARKETING_VERSION = 1.0;
				PRODUCT_BUNDLE_IDENTIFIER = abdalazem.RecipeApp;
				PRODUCT_NAME = "$(TARGET_NAME)";
				SWIFT_EMIT_LOC_STRINGS = YES;
				SWIFT_VERSION = 5.0;
				TARGETED_DEVICE_FAMILY = "1,2";
			};
			name = Debug;
		};
		7F815FFD2C6B80F000FEFCD5 /* Release */ = {
			isa = XCBuildConfiguration;
			buildSettings = {
				ASSETCATALOG_COMPILER_APPICON_NAME = AppIcon;
				ASSETCATALOG_COMPILER_GLOBAL_ACCENT_COLOR_NAME = AccentColor;
				CODE_SIGN_STYLE = Automatic;
				CURRENT_PROJECT_VERSION = 1;
				DEVELOPMENT_TEAM = 475V82HT95;
				GENERATE_INFOPLIST_FILE = YES;
				INFOPLIST_FILE = RecipeApp/Support/Info.plist;
				INFOPLIST_KEY_UIApplicationSupportsIndirectInputEvents = YES;
				INFOPLIST_KEY_UILaunchStoryboardName = LaunchScreen;
				INFOPLIST_KEY_UISupportedInterfaceOrientations_iPad = "UIInterfaceOrientationPortrait UIInterfaceOrientationPortraitUpsideDown UIInterfaceOrientationLandscapeLeft UIInterfaceOrientationLandscapeRight";
				INFOPLIST_KEY_UISupportedInterfaceOrientations_iPhone = "UIInterfaceOrientationPortrait UIInterfaceOrientationLandscapeLeft UIInterfaceOrientationLandscapeRight";
				LD_RUNPATH_SEARCH_PATHS = (
					"$(inherited)",
					"@executable_path/Frameworks",
				);
				MARKETING_VERSION = 1.0;
				PRODUCT_BUNDLE_IDENTIFIER = abdalazem.RecipeApp;
				PRODUCT_NAME = "$(TARGET_NAME)";
				SWIFT_EMIT_LOC_STRINGS = YES;
				SWIFT_VERSION = 5.0;
				TARGETED_DEVICE_FAMILY = "1,2";
			};
			name = Release;
		};
		7F815FFF2C6B80F000FEFCD5 /* Debug */ = {
			isa = XCBuildConfiguration;
			buildSettings = {
				ALWAYS_EMBED_SWIFT_STANDARD_LIBRARIES = YES;
				BUNDLE_LOADER = "$(TEST_HOST)";
				CODE_SIGN_STYLE = Automatic;
				CURRENT_PROJECT_VERSION = 1;
				DEVELOPMENT_TEAM = 475V82HT95;
				GENERATE_INFOPLIST_FILE = YES;
				IPHONEOS_DEPLOYMENT_TARGET = 17.5;
				MARKETING_VERSION = 1.0;
				PRODUCT_BUNDLE_IDENTIFIER = abdalazem.RecipeAppTests;
				PRODUCT_NAME = "$(TARGET_NAME)";
				SWIFT_EMIT_LOC_STRINGS = NO;
				SWIFT_VERSION = 5.0;
				TARGETED_DEVICE_FAMILY = "1,2";
				TEST_HOST = "$(BUILT_PRODUCTS_DIR)/RecipeApp.app/$(BUNDLE_EXECUTABLE_FOLDER_PATH)/RecipeApp";
			};
			name = Debug;
		};
		7F8160002C6B80F000FEFCD5 /* Release */ = {
			isa = XCBuildConfiguration;
			buildSettings = {
				ALWAYS_EMBED_SWIFT_STANDARD_LIBRARIES = YES;
				BUNDLE_LOADER = "$(TEST_HOST)";
				CODE_SIGN_STYLE = Automatic;
				CURRENT_PROJECT_VERSION = 1;
				DEVELOPMENT_TEAM = 475V82HT95;
				GENERATE_INFOPLIST_FILE = YES;
				IPHONEOS_DEPLOYMENT_TARGET = 17.5;
				MARKETING_VERSION = 1.0;
				PRODUCT_BUNDLE_IDENTIFIER = abdalazem.RecipeAppTests;
				PRODUCT_NAME = "$(TARGET_NAME)";
				SWIFT_EMIT_LOC_STRINGS = NO;
				SWIFT_VERSION = 5.0;
				TARGETED_DEVICE_FAMILY = "1,2";
				TEST_HOST = "$(BUILT_PRODUCTS_DIR)/RecipeApp.app/$(BUNDLE_EXECUTABLE_FOLDER_PATH)/RecipeApp";
			};
			name = Release;
		};
/* End XCBuildConfiguration section */

/* Begin XCConfigurationList section */
		7F815FCC2C6B80EC00FEFCD5 /* Build configuration list for PBXProject "RecipeApp" */ = {
			isa = XCConfigurationList;
			buildConfigurations = (
				7F815FF92C6B80F000FEFCD5 /* Debug */,
				7F815FFA2C6B80F000FEFCD5 /* Release */,
			);
			defaultConfigurationIsVisible = 0;
			defaultConfigurationName = Release;
		};
		7F815FFB2C6B80F000FEFCD5 /* Build configuration list for PBXNativeTarget "RecipeApp" */ = {
			isa = XCConfigurationList;
			buildConfigurations = (
				7F815FFC2C6B80F000FEFCD5 /* Debug */,
				7F815FFD2C6B80F000FEFCD5 /* Release */,
			);
			defaultConfigurationIsVisible = 0;
			defaultConfigurationName = Release;
		};
		7F815FFE2C6B80F000FEFCD5 /* Build configuration list for PBXNativeTarget "RecipeAppTests" */ = {
			isa = XCConfigurationList;
			buildConfigurations = (
				7F815FFF2C6B80F000FEFCD5 /* Debug */,
				7F8160002C6B80F000FEFCD5 /* Release */,
			);
			defaultConfigurationIsVisible = 0;
			defaultConfigurationName = Release;
		};
/* End XCConfigurationList section */
	};
	rootObject = 7F815FC92C6B80EC00FEFCD5 /* Project object */;
}
